
Microsoft Visual Studio Solution File, Format Version 12.00
# Visual Studio Version 17
VisualStudioVersion = 17.4.33213.308
MinimumVisualStudioVersion = 10.0.40219.1
Project("{FAE04EC0-301F-11D3-BF4B-00C04F79EFBC}") = "lab13oop", "lab13oop\lab13oop.csproj", "{5ACC70F6-788C-4710-94CE-24E8C89BC67C}"
EndProject
Global
	GlobalSection(SolutionConfigurationPlatforms) = preSolution
		Debug|Any CPU = Debug|Any CPU
		Release|Any CPU = Release|Any CPU
	EndGlobalSection
	GlobalSection(ProjectConfigurationPlatforms) = postSolution
		{5ACC70F6-788C-4710-94CE-24E8C89BC67C}.Debug|Any CPU.ActiveCfg = Debug|Any CPU
		{5ACC70F6-788C-4710-94CE-24E8C89BC67C}.Debug|Any CPU.Build.0 = Debug|Any CPU
		{5ACC70F6-788C-4710-94CE-24E8C89BC67C}.Release|Any CPU.ActiveCfg = Release|Any CPU
		{5ACC70F6-788C-4710-94CE-24E8C89BC67C}.Release|Any CPU.Build.0 = Release|Any CPU
	EndGlobalSection
	GlobalSection(SolutionProperties) = preSolution
		HideSolutionNode = FALSE
	EndGlobalSection
	GlobalSection(ExtensibilityGlobals) = postSolution
		SolutionGuid = {A41AD6E6-10A7-4CB7-8E80-978198BE6BFC}
	EndGlobalSection
EndGlobal
